
Microsoft Visual Studio Solution File, Format Version 12.00
# Visual Studio Version 16
VisualStudioVersion = 16.0.30204.135
MinimumVisualStudioVersion = 10.0.40219.1
Project("{9A19103F-16F7-4668-BE54-9A1E7A4F7556}") = "Redstone.Domain", "Redstone.Domain\Redstone.Domain.csproj", "{D1047344-F3A4-4F4F-B2C4-F8DBE7F1DC5D}"
EndProject
Project("{9A19103F-16F7-4668-BE54-9A1E7A4F7556}") = "Redstone.Data", "Redstone.Data\Redstone.Data.csproj", "{92877AC5-666A-47C7-844A-351E72EC4C7E}"
EndProject
Project("{9A19103F-16F7-4668-BE54-9A1E7A4F7556}") = "Redstone.Desktop", "Redstone.Desktop\Redstone.Desktop.csproj", "{9AD3F00A-BC84-49C3-9FB2-76D1BCC31BAE}"
EndProject
Global
	GlobalSection(SolutionConfigurationPlatforms) = preSolution
		Debug|Any CPU = Debug|Any CPU
		Release|Any CPU = Release|Any CPU
	EndGlobalSection
	GlobalSection(ProjectConfigurationPlatforms) = postSolution
		{D1047344-F3A4-4F4F-B2C4-F8DBE7F1DC5D}.Debug|Any CPU.ActiveCfg = Debug|Any CPU
		{D1047344-F3A4-4F4F-B2C4-F8DBE7F1DC5D}.Debug|Any CPU.Build.0 = Debug|Any CPU
		{D1047344-F3A4-4F4F-B2C4-F8DBE7F1DC5D}.Release|Any CPU.ActiveCfg = Release|Any CPU
		{D1047344-F3A4-4F4F-B2C4-F8DBE7F1DC5D}.Release|Any CPU.Build.0 = Release|Any CPU
		{92877AC5-666A-47C7-844A-351E72EC4C7E}.Debug|Any CPU.ActiveCfg = Debug|Any CPU
		{92877AC5-666A-47C7-844A-351E72EC4C7E}.Debug|Any CPU.Build.0 = Debug|Any CPU
		{92877AC5-666A-47C7-844A-351E72EC4C7E}.Release|Any CPU.ActiveCfg = Release|Any CPU
		{92877AC5-666A-47C7-844A-351E72EC4C7E}.Release|Any CPU.Build.0 = Release|Any CPU
		{9AD3F00A-BC84-49C3-9FB2-76D1BCC31BAE}.Debug|Any CPU.ActiveCfg = Debug|Any CPU
		{9AD3F00A-BC84-49C3-9FB2-76D1BCC31BAE}.Debug|Any CPU.Build.0 = Debug|Any CPU
		{9AD3F00A-BC84-49C3-9FB2-76D1BCC31BAE}.Release|Any CPU.ActiveCfg = Release|Any CPU
		{9AD3F00A-BC84-49C3-9FB2-76D1BCC31BAE}.Release|Any CPU.Build.0 = Release|Any CPU
	EndGlobalSection
	GlobalSection(SolutionProperties) = preSolution
		HideSolutionNode = FALSE
	EndGlobalSection
	GlobalSection(ExtensibilityGlobals) = postSolution
		SolutionGuid = {9C098E76-2B9F-4A41-BF7F-6DEB638B6637}
	EndGlobalSection
EndGlobal
